# Generated by conda-lock.
# platform: win-64
# input_hash: 03f9cf57e05ac544491171a1565fdf2318d995c1be19c24ce5465cbc30e1d1fd
@EXPLICIT
https://conda.anaconda.org/conda-forge/noarch/font-ttf-dejavu-sans-mono-2.37-hab24e00_0.tar.bz2#0c96522c6bdaed4b1566d11387caaf45
https://conda.anaconda.org/conda-forge/noarch/font-ttf-inconsolata-3.000-h77eed37_0.tar.bz2#34893075a5c9e55cdafac56607368fc6
https://conda.anaconda.org/conda-forge/noarch/font-ttf-source-code-pro-2.038-h77eed37_0.tar.bz2#4d59c254e01d9cde7957100457e2d5fb
https://conda.anaconda.org/conda-forge/noarch/font-ttf-ubuntu-0.83-h77eed37_3.conda#49023d73832ef61042f6a237cb2687e7
https://conda.anaconda.org/conda-forge/win-64/intel-openmp-2025.3.0-h57928b3_641.conda#592c0c5d63543b6cc4de61defc1dcd96
https://conda.anaconda.org/conda-forge/win-64/msys2-conda-epoch-20160418-1.tar.bz2#b0309b72560df66f71a9d5e34a5efdfa
https://conda.anaconda.org/conda-forge/noarch/python_abi-3.9-8_cp39.conda#c2f0c4bf417925c27b62ab50264baa98
https://conda.anaconda.org/pytorch/noarch/pytorch-mutex-1.0-cpu.tar.bz2#49565ed726991fd28d08a39885caa88d
https://conda.anaconda.org/conda-forge/noarch/tzdata-2025c-hc9c84f9_1.conda#ad659d0a2b3e47e38d829aa8cad2d610
https://conda.anaconda.org/conda-forge/win-64/ucrt-10.0.26100.0-h57928b3_0.conda#71b24316859acd00bdb8b38f5e2ce328
https://conda.anaconda.org/conda-forge/win-64/winpty-0.4.3-4.tar.bz2#1cee351bf20b830d991dbe0bc8cd7dfe
https://conda.anaconda.org/conda-forge/noarch/ca-certificates-2025.11.12-h4c7d964_0.conda#f98fb7db808b94bc1ec5b0e62f9f1069
https://conda.anaconda.org/pytorch/noarch/cpuonly-2.0-0.tar.bz2#1cf3a59ef90a4078c253e3b02c272065
https://conda.anaconda.org/conda-forge/noarch/fonts-conda-forge-1-hc364b38_1.conda#a7970cd949a077b7cb9696379d338681
https://conda.anaconda.org/conda-forge/win-64/m2w64-gmp-6.1.0-2.tar.bz2#53a1c73e1e3d185516d7e3af177596d9
https://conda.anaconda.org/conda-forge/win-64/m2w64-libwinpthread-git-5.0.0.4634.697f757-2.tar.bz2#774130a326dee16f1ceb05cc687ee4f0
https://conda.anaconda.org/conda-forge/win-64/vcomp14-14.44.35208-h818238b_33.conda#4cb6942b4bd846e51b4849f4a93c7e6d
https://conda.anaconda.org/conda-forge/noarch/fonts-conda-ecosystem-1-0.tar.bz2#fee5683a3f04bd15cbd8318b096a27ab
https://conda.anaconda.org/conda-forge/win-64/m2w64-gcc-libs-core-5.3.0-7.tar.bz2#4289d80fb4d272f1f3b56cfe87ac90bd
https://conda.anaconda.org/conda-forge/win-64/vc14_runtime-14.44.35208-h818238b_33.conda#fb8e4914c5ad1c71b3c519621e1df7b8
https://conda.anaconda.org/conda-forge/win-64/m2w64-gcc-libgfortran-5.3.0-6.tar.bz2#066552ac6b907ec6d72c0ddab29050dc
https://conda.anaconda.org/conda-forge/win-64/vc-14.3-h2b53caa_33.conda#2d1c042360c09498891809a3765261be
https://conda.anaconda.org/conda-forge/win-64/vs2015_runtime-14.44.35208-h38c0c73_33.conda#65e5a2127012cd4dbc9354579661b9fd
https://conda.anaconda.org/conda-forge/win-64/bzip2-1.0.8-h0ad9c76_8.conda#1077e9333c41ff0be8edd1a5ec0ddace
https://conda.anaconda.org/conda-forge/win-64/double-conversion-3.3.1-he0c23c2_0.conda#e9a1402439c18a4e3c7a52e4246e9e1c
https://conda.anaconda.org/conda-forge/win-64/graphite2-1.3.14-hac47afa_2.conda#b785694dd3ec77a011ccf0c24725382b
https://conda.anaconda.org/conda-forge/win-64/icu-75.1-he0c23c2_0.conda#8579b6bb8d18be7c0b27fb08adeeeb40
https://conda.anaconda.org/conda-forge/win-64/lame-3.100-hcfcfb64_1003.tar.bz2#d92e64077c44c9e32c72d4b5799d47e4
https://conda.anaconda.org/conda-forge/win-64/lerc-4.0.0-h6470a55_1.conda#c1b81da6d29a14b542da14a36c9fbf3f
https://conda.anaconda.org/conda-forge/win-64/libbrotlicommon-1.1.0-h2466b09_3.conda#cf20c8b8b48ab5252ec64b9c66bfe0a4
https://conda.anaconda.org/conda-forge/win-64/libdeflate-1.25-h51727cc_0.conda#e77030e67343e28b084fabd7db0ce43e
https://conda.anaconda.org/conda-forge/win-64/libexpat-2.7.3-hac47afa_0.conda#8c9e4f1a0e688eef2e95711178061a0f
https://conda.anaconda.org/conda-forge/win-64/libffi-3.5.2-h52bdfb6_0.conda#ba4ad812d2afc22b9a34ce8327a0930f
https://conda.anaconda.org/conda-forge/win-64/libiconv-1.18-hc1393d2_2.conda#64571d1dd6cdcfa25d0664a5950fdaa2
https://conda.anaconda.org/conda-forge/win-64/libjpeg-turbo-3.1.2-hfd05255_0.conda#56a686f92ac0273c0f6af58858a3f013
https://conda.anaconda.org/conda-forge/win-64/liblzma-5.8.1-h2466b09_2.conda#c15148b2e18da456f5108ccb5e411446
https://conda.anaconda.org/conda-forge/win-64/libogg-1.3.5-h2466b09_1.conda#b67ed8c9ca072695ff482e50d888a523
https://conda.anaconda.org/conda-forge/win-64/libopus-1.6-h6a83c73_0.conda#1ff86b588aaa12462f320cc27e77bc6d
https://conda.anaconda.org/conda-forge/win-64/libsodium-1.0.20-hc70643c_0.conda#198bb594f202b205c7d18b936fa4524f
https://conda.anaconda.org/conda-forge/win-64/libsqlite-3.51.1-hf5d6505_1.conda#be65be5f758709fc01b01626152e96b0
https://conda.anaconda.org/conda-forge/win-64/libuv-1.51.0-hfd05255_1.conda#31e1545994c48efc3e6ea32ca02a8724
https://conda.anaconda.org/conda-forge/win-64/libwebp-base-1.6.0-h4d5522a_0.conda#f9bbae5e2537e3b06e0f7310ba76c893
https://conda.anaconda.org/conda-forge/win-64/libzlib-1.3.1-h2466b09_2.conda#41fbfac52c601159df6c01f875de31b9
https://conda.anaconda.org/conda-forge/win-64/m2w64-gcc-libs-5.3.0-7.tar.bz2#fe759119b8b3bfa720b8762c6fdc35de
https://conda.anaconda.org/conda-forge/win-64/mpg123-1.32.9-h01009b0_0.conda#1ed1580d4211223b285787eff05560f9
https://conda.anaconda.org/conda-forge/win-64/openssl-3.6.0-h725018a_0.conda#84f8fb4afd1157f59098f618cd2437e4
https://conda.anaconda.org/conda-forge/win-64/pixman-0.46.4-h5112557_1.conda#08c8fa3b419df480d985e304f7884d35
https://conda.anaconda.org/conda-forge/win-64/qhull-2020.2-hc790b64_5.conda#854fbdff64b572b5c0b470f334d34c11
https://conda.anaconda.org/conda-forge/win-64/soxr-0.1.3-hcfcfb64_3.conda#8112bd0d3eb530551b2adebda0ea4c0c
https://conda.anaconda.org/conda-forge/win-64/tk-8.6.13-h2c6b04d_3.conda#7cb36e506a7dba4817970f8adb6396f9
https://conda.anaconda.org/conda-forge/win-64/yaml-0.2.5-h6a83c73_3.conda#433699cba6602098ae8957a323da2664
https://conda.anaconda.org/conda-forge/win-64/krb5-1.21.3-hdf4eb48_0.conda#31aec030344e962fbd7dbbbbd68e60a9
https://conda.anaconda.org/conda-forge/win-64/libblas-3.9.0-1_h8933c1f_netlib.tar.bz2#2c5ff3ea7416bb5edc70e67f4ee1ff71
https://conda.anaconda.org/conda-forge/win-64/libbrotlidec-1.1.0-h2466b09_3.conda#a342933dbc6d814541234c7c81cb5205
https://conda.anaconda.org/conda-forge/win-64/libbrotlienc-1.1.0-h2466b09_3.conda#7ef0af55d70cbd9de324bb88b7f9d81e
https://conda.anaconda.org/conda-forge/win-64/libflac-1.5.0-h08124e9_1.conda#949f7783753b48ede3ceaa1ee9876f0c
https://conda.anaconda.org/conda-forge/win-64/libintl-0.22.5-h5728263_3.conda#2cf0cf76cc15d360dfa2f17fd6cf9772
https://conda.anaconda.org/conda-forge/win-64/libpng-1.6.53-h7351971_0.conda#fb6f43f6f08ca100cb24cff125ab0d9e
https://conda.anaconda.org/conda-forge/win-64/libvorbis-1.3.7-h5112557_2.conda#42a8a56c60882da5d451aa95b8455111
https://conda.anaconda.org/conda-forge/win-64/libwebp-1.6.0-h4d5522a_0.conda#151aee0a97a0234a289c781e2e48ce9a
https://conda.anaconda.org/conda-forge/win-64/libxml2-2.13.9-h741aa76_0.conda#333d21ab129d5fa5742225bf1d7557a5
https://conda.anaconda.org/conda-forge/win-64/pcre2-10.44-h99c9b8b_2.conda#a912b2c4ff0f03101c751aa79a331831
https://conda.anaconda.org/conda-forge/win-64/pthread-stubs-0.4-hcd874cb_1001.tar.bz2#a1f820480193ea83582b13249a7e7bd9
https://conda.anaconda.org/conda-forge/win-64/python-3.9.23-h8c5b53a_0_cpython.conda#2fd01874016cd5e3b9edccf52755082b
https://conda.anaconda.org/conda-forge/win-64/xorg-libxau-1.0.11-hcd874cb_0.conda#c46ba8712093cb0114404ae8a7582e1a
https://conda.anaconda.org/conda-forge/win-64/xorg-libxdmcp-1.1.3-hcd874cb_0.tar.bz2#46878ebb6b9cbd8afcf8088d7ef00ece
https://conda.anaconda.org/conda-forge/win-64/zstd-1.5.7-h534d264_6.conda#053b84beec00b71ea8ff7a4f84b55207
https://conda.anaconda.org/conda-forge/noarch/asttokens-3.0.0-pyhd8ed1ab_1.conda#8f587de4bcf981e26228f268df374a9b
https://conda.anaconda.org/conda-forge/noarch/attrs-25.3.0-pyh71513ae_0.conda#a10d11958cadc13fdb43df75f8b1903f
https://conda.anaconda.org/conda-forge/win-64/audioread-3.0.1-py39hcbf5309_2.conda#ecf35fe71c640f8dd669b28d84dc297e
https://conda.anaconda.org/conda-forge/win-64/brotli-bin-1.1.0-h2466b09_3.conda#c7c345559c1ac25eede6dccb7b931202
https://conda.anaconda.org/conda-forge/win-64/brotli-python-1.1.0-py39ha51f57c_3.conda#f5a68506bdf004cda645f40856c333da
https://conda.anaconda.org/conda-forge/noarch/cached_property-1.5.2-pyha770c72_1.tar.bz2#576d629e47797577ab0f1b351297ef4a
https://conda.anaconda.org/conda-forge/noarch/certifi-2025.8.3-pyhd8ed1ab_0.conda#11f59985f49df4620890f3e746ed7102
https://conda.anaconda.org/conda-forge/noarch/charset-normalizer-3.4.3-pyhd8ed1ab_0.conda#7e7d5ef1b9ed630e4a1c358d6bc62284
https://conda.anaconda.org/conda-forge/noarch/colorama-0.4.6-pyhd8ed1ab_1.conda#962b9857ee8e7018c22f2776ffa0b2d7
https://conda.anaconda.org/conda-forge/noarch/comm-0.2.3-pyhe01879c_0.conda#2da13f2b299d8e1995bafbbe9689a2f7
https://conda.anaconda.org/conda-forge/noarch/cpython-3.9.23-py39hd8ed1ab_0.conda#59965790c6aef69b417ccb9938512ec9
https://conda.anaconda.org/conda-forge/noarch/cycler-0.12.1-pyhd8ed1ab_1.conda#44600c4667a319d67dbe0681fc0bc833
https://conda.anaconda.org/conda-forge/win-64/debugpy-1.8.16-py39h1f3cc84_0.conda#b620b0f3c682254f6d340937e4e5dcc4
https://conda.anaconda.org/conda-forge/noarch/decorator-5.2.1-pyhd8ed1ab_0.conda#9ce473d1d1be1cc3810856a48b3fab32
https://conda.anaconda.org/conda-forge/noarch/defusedxml-0.7.1-pyhd8ed1ab_0.tar.bz2#961b3a227b437d82ad7054484cfa71b2
https://conda.anaconda.org/conda-forge/noarch/executing-2.2.0-pyhd8ed1ab_0.conda#81d30c08f9a3e556e8ca9e124b044d14
https://conda.anaconda.org/conda-forge/noarch/filelock-3.19.1-pyhd8ed1ab_0.conda#9c418d067409452b2e87e0016257da68
https://conda.anaconda.org/conda-forge/noarch/hpack-4.1.0-pyhd8ed1ab_0.conda#0a802cb9888dd14eeefc611f05c40b6e
https://conda.anaconda.org/conda-forge/noarch/hyperframe-6.1.0-pyhd8ed1ab_0.conda#8e6923fc12f1fe8f8c4e5c9f343256ac
https://conda.anaconda.org/conda-forge/noarch/idna-3.10-pyhd8ed1ab_1.conda#39a4f67be3286c86d696df570b1201b7
https://conda.anaconda.org/conda-forge/noarch/json5-0.12.1-pyhd8ed1ab_0.conda#0fc93f473c31a2f85c0bde213e7c63ca
https://conda.anaconda.org/conda-forge/win-64/jsonpointer-3.0.0-py39hcbf5309_1.conda#ac50dca6a8362db17180b8cdbe3dbf37
https://conda.anaconda.org/conda-forge/win-64/kiwisolver-1.4.7-py39h2b77a98_0.conda#c116c25e2e36f770f065559ad2a1da73
https://conda.anaconda.org/conda-forge/noarch/lark-1.2.2-pyhd8ed1ab_1.conda#3a8063b25e603999188ed4bbf3485404
https://conda.anaconda.org/conda-forge/win-64/libcblas-3.9.0-13_hc41557d_netlib.conda#3c5fca125b57609d4eb7960108473525
https://conda.anaconda.org/conda-forge/win-64/libclang13-21.1.7-default_ha2db4b5_2.conda#367cc7b8c22f31a99935b35ff47b4d7e
https://conda.anaconda.org/conda-forge/win-64/libfreetype6-2.14.1-hdbac1cb_0.conda#6e7c5c5ab485057b5d07fd8188ba5c28
https://conda.anaconda.org/conda-forge/win-64/libglib-2.84.0-h7025463_0.conda#ea8df8a5c5c7adf4c03bf9e3db1637c3
https://repo.anaconda.com/pkgs/main/win-64/libhwloc-2.12.1-default_hfa10c62_1000.conda#e215503517c8136c8d5972985b9825bb
https://conda.anaconda.org/conda-forge/win-64/liblapack-3.9.0-13_h018ca30_netlib.conda#6febfdc116e5f3157f6c633e06edbe8c
https://conda.anaconda.org/conda-forge/win-64/libsndfile-1.2.2-hc3b4fa0_2.conda#31122eb784ae36b096fadeadd30cfabf
https://conda.anaconda.org/conda-forge/win-64/libtiff-4.7.1-h8f73337_1.conda#549845d5133100142452812feb9ba2e8
https://conda.anaconda.org/conda-forge/win-64/libxcb-1.16-h013a479_1.conda#f0b599acdc82d5bc7e3b105833e7c5c8
https://conda.anaconda.org/conda-forge/win-64/libxslt-1.1.43-h25c3957_0.conda#e84f36aa02735c140099d992d491968d
https://conda.anaconda.org/conda-forge/win-64/llvmlite-0.43.0-py39he94c479_1.conda#87a19df2b45fbe4edcb474e098ea7102
https://conda.anaconda.org/conda-forge/win-64/markupsafe-3.0.2-py39hf73967f_1.conda#e8eb7b3d2495293d1385fb734804e2d1
https://conda.anaconda.org/conda-forge/noarch/mpmath-1.3.0-pyhd8ed1ab_1.conda#3585aa87c43ab15b167b574cd73b057b
https://conda.anaconda.org/conda-forge/win-64/msgpack-python-1.1.1-py39h2b77a98_0.conda#a3e8c015993bb15b90386338694b3202
https://conda.anaconda.org/conda-forge/noarch/munkres-1.1.4-pyhd8ed1ab_1.conda#37293a85a0f4f77bbd9cf7aaefc62609
https://conda.anaconda.org/conda-forge/noarch/nest-asyncio-1.6.0-pyhd8ed1ab_1.conda#598fd7d4d0de2455fb74f56063969a97
https://conda.anaconda.org/conda-forge/noarch/networkx-3.2.1-pyhd8ed1ab_0.conda#425fce3b531bed6ec3c74fab3e5f0a1c
https://conda.anaconda.org/conda-forge/noarch/packaging-25.0-pyh29332c3_1.conda#58335b26c38bf4a20f399384c33cbcf9
https://conda.anaconda.org/conda-forge/noarch/pandocfilters-1.5.0-pyhd8ed1ab_0.tar.bz2#457c2c8c08e54905d6954e79cb5b5db9
https://conda.anaconda.org/conda-forge/noarch/parso-0.8.4-pyhd8ed1ab_1.conda#5c092057b6badd30f75b06244ecd01c9
https://conda.anaconda.org/conda-forge/noarch/pickleshare-0.7.5-pyhd8ed1ab_1004.conda#11a9d1d09a3615fc07c3faf79bc0b943
https://conda.anaconda.org/conda-forge/noarch/platformdirs-4.3.8-pyhe01879c_0.conda#424844562f5d337077b445ec6b1398a7
https://conda.anaconda.org/conda-forge/noarch/prometheus_client-0.22.1-pyhd8ed1ab_0.conda#c64b77ccab10b822722904d889fa83b5
https://conda.anaconda.org/conda-forge/win-64/psutil-7.0.0-py39ha55e580_0.conda#bd6ef337d2adbe13dc963a710f3b93e3
https://conda.anaconda.org/conda-forge/noarch/pure_eval-0.2.3-pyhd8ed1ab_1.conda#3bfdfb8dbcdc4af1ae3f9a8eb3948f04
https://conda.anaconda.org/conda-forge/noarch/pycparser-2.22-pyh29332c3_1.conda#12c566707c80111f9799308d9e265aef
https://conda.anaconda.org/conda-forge/noarch/pygments-2.19.2-pyhd8ed1ab_0.conda#6b6ece66ebcae2d5f326c77ef2c5a066
https://conda.anaconda.org/conda-forge/noarch/pyparsing-3.2.3-pyhe01879c_2.conda#aa0028616c0750c773698fdc254b2b8d
https://conda.anaconda.org/conda-forge/noarch/python-fastjsonschema-2.21.2-pyhe01879c_0.conda#23029aae904a2ba587daba708208012f
https://conda.anaconda.org/conda-forge/noarch/python-json-logger-2.0.7-pyhd8ed1ab_0.conda#a61bf9ec79426938ff785eb69dbb1960
https://conda.anaconda.org/conda-forge/noarch/python-tzdata-2025.2-pyhd8ed1ab_0.conda#88476ae6ebd24f39261e0854ac244f33
https://conda.anaconda.org/conda-forge/noarch/pytz-2025.2-pyhd8ed1ab_0.conda#bc8e3267d44011051f2eb14d22fb0960
https://conda.anaconda.org/conda-forge/win-64/pywin32-311-py39h5fb4b08_0.conda#7cc53f46a7622e7f4c8273a9980f79df
https://conda.anaconda.org/conda-forge/win-64/pywinpty-2.0.15-py39ha51f57c_0.conda#da8e1772213012b68ba197227fbd19b2
https://conda.anaconda.org/conda-forge/win-64/pyyaml-6.0.2-py39hf73967f_2.conda#ebdc9838cfa38fe474263e4dd8215e85
https://conda.anaconda.org/conda-forge/noarch/rfc3986-validator-0.1.1-pyh9f0ad1d_0.tar.bz2#912a71cc01012ee38e6b90ddd561e36f
https://conda.anaconda.org/conda-forge/win-64/rpds-py-0.27.0-py39hcab59ba_0.conda#49d1b7bffb85786ed52254adfe66946c
https://conda.anaconda.org/conda-forge/noarch/setuptools-80.9.0-pyhff2d567_0.conda#4de79c071274a53dcaf2a8c749d1499e
https://conda.anaconda.org/conda-forge/noarch/six-1.17.0-pyhe01879c_1.conda#3339e3b65d58accf4ca4fb8748ab16b3
https://conda.anaconda.org/conda-forge/noarch/sniffio-1.3.1-pyhd8ed1ab_1.conda#bf7a226e58dfb8346c70df36065d86c9
https://conda.anaconda.org/conda-forge/noarch/soupsieve-2.7-pyhd8ed1ab_0.conda#fb32097c717486aa34b38a9db57eb49e
https://conda.anaconda.org/conda-forge/win-64/standard-aifc-3.13.0-py39hcbf5309_2.conda#87615997ecbbe58223daa95d3d98cda4
https://conda.anaconda.org/conda-forge/win-64/standard-sunau-3.13.0-py39hcbf5309_2.conda#812b9293e1976dcaba83fb8002219ced
https://conda.anaconda.org/conda-forge/noarch/threadpoolctl-3.6.0-pyhecae5ae_0.conda#9d64911b31d57ca443e9f1e36b04385f
https://conda.anaconda.org/conda-forge/noarch/tomli-2.2.1-pyhe01879c_2.conda#30a0a26c8abccf4b7991d590fe17c699
https://conda.anaconda.org/conda-forge/win-64/tornado-6.5.2-py39h0802e32_0.conda#aeb1828dfebdb47155ee33c93bdce757
https://conda.anaconda.org/conda-forge/noarch/traitlets-5.14.3-pyhd8ed1ab_1.conda#019a7385be9af33791c989871317e1ed
https://conda.anaconda.org/conda-forge/noarch/types-python-dateutil-2.9.0.20250809-pyhd8ed1ab_0.conda#63a644e158c4f8eeca0d1290ac25e0cc
https://conda.anaconda.org/conda-forge/noarch/typing_extensions-4.14.1-pyhe01879c_0.conda#e523f4f1e980ed7a4240d7e27e9ec81f
https://conda.anaconda.org/conda-forge/noarch/typing_utils-0.1.0-pyhd8ed1ab_1.conda#f6d7aa696c67756a650e91e15e88223c
https://conda.anaconda.org/conda-forge/win-64/unicodedata2-16.0.0-py39ha55e580_0.conda#f4008ff992172eebb8fa6b19fe075e92
https://conda.anaconda.org/conda-forge/noarch/uri-template-1.3.0-pyhd8ed1ab_1.conda#e7cb0f5745e4c5035a460248334af7eb
https://conda.anaconda.org/conda-forge/noarch/wcwidth-0.2.13-pyhd8ed1ab_1.conda#b68980f2495d096e71c7fd9d7ccf63e6
https://conda.anaconda.org/conda-forge/noarch/webcolors-24.11.1-pyhd8ed1ab_0.conda#b49f7b291e15494aafb0a7d74806f337
https://conda.anaconda.org/conda-forge/noarch/webencodings-0.5.1-pyhd8ed1ab_3.conda#2841eb5bfc75ce15e9a0054b98dcd64d
https://conda.anaconda.org/conda-forge/noarch/websocket-client-1.8.0-pyhd8ed1ab_1.conda#84f8f77f0a9c6ef401ee96611745da8f
https://conda.anaconda.org/conda-forge/noarch/wheel-0.45.1-pyhd8ed1ab_1.conda#75cb7132eb58d97896e173ef12ac9986
https://conda.anaconda.org/conda-forge/noarch/win_inet_pton-1.1.0-pyh7428d3b_8.conda#46e441ba871f524e2b067929da3051c2
https://conda.anaconda.org/conda-forge/win-64/zeromq-4.3.5-h5bddc39_9.conda#a6c8f8ee856f7c3c1576e14b86cd8038
https://conda.anaconda.org/conda-forge/noarch/zipp-3.23.0-pyhd8ed1ab_0.conda#df5e78d904988eb55042c0c97446079f
https://conda.anaconda.org/conda-forge/noarch/async-lru-2.0.5-pyh29332c3_0.conda#d9d0f99095a9bb7e3641bca8c6ad2ac7
https://conda.anaconda.org/conda-forge/noarch/babel-2.17.0-pyhd8ed1ab_0.conda#0a01c169f0ab0f91b26e77a3301fbfe4
https://conda.anaconda.org/conda-forge/noarch/bleach-6.2.0-pyh29332c3_4.conda#f0b4c8e370446ef89797608d60a564b3
https://conda.anaconda.org/conda-forge/win-64/brotli-1.1.0-h2466b09_3.conda#c2a23d8a8986c72148c63bdf855ac99a
https://conda.anaconda.org/conda-forge/noarch/cached-property-1.5.2-hd8ed1ab_1.tar.bz2#9b347a7ec10940d3f7941ff6c460b551
https://conda.anaconda.org/conda-forge/win-64/cffi-1.17.1-py39ha55e580_0.conda#1e0c1867544dc5f3adfad28742f4d983
https://conda.anaconda.org/conda-forge/noarch/exceptiongroup-1.3.0-pyhd8ed1ab_0.conda#72e42d28960d875c7654614f8b50939a
https://conda.anaconda.org/conda-forge/noarch/h11-0.16.0-pyhd8ed1ab_0.conda#4b69232755285701bc86a5afe4d9933a
https://conda.anaconda.org/conda-forge/noarch/h2-4.2.0-pyhd8ed1ab_0.conda#b4754fb1bdcb70c8fd54f918301582c6
https://conda.anaconda.org/conda-forge/noarch/importlib-metadata-8.7.0-pyhe01879c_1.conda#63ccfdc3a3ce25b027b8767eb722fca8
https://conda.anaconda.org/conda-forge/noarch/importlib_resources-6.5.2-pyhd8ed1ab_0.conda#c85c76dc67d75619a92f51dfbce06992
https://conda.anaconda.org/conda-forge/noarch/jedi-0.19.2-pyhd8ed1ab_1.conda#a4f4c5dc9b80bc50e0d3dc4e6e8f1bd9
https://conda.anaconda.org/conda-forge/noarch/jinja2-3.1.6-pyhd8ed1ab_0.conda#446bd6c8cb26050d528881df495ce646
https://conda.anaconda.org/conda-forge/noarch/joblib-1.5.1-pyhd8ed1ab_0.conda#fb1c14694de51a476ce8636d92b6f42c
https://conda.anaconda.org/conda-forge/noarch/jupyter_core-5.8.1-pyh5737063_0.conda#324e60a0d3f39f268e899709575ea3cd
https://conda.anaconda.org/conda-forge/noarch/jupyterlab_pygments-0.3.0-pyhd8ed1ab_2.conda#fd312693df06da3578383232528c468d
https://conda.anaconda.org/conda-forge/win-64/lcms2-2.17-hbcf6048_0.conda#3538827f77b82a837fa681a4579e37a1
https://conda.anaconda.org/conda-forge/win-64/libfreetype-2.14.1-h57928b3_0.conda#3235024fe48d4087721797ebd6c9d28c
https://conda.anaconda.org/conda-forge/noarch/matplotlib-inline-0.1.7-pyhd8ed1ab_1.conda#af6ab708897df59bd6e7283ceab1b56b
https://conda.anaconda.org/conda-forge/noarch/mistune-3.1.3-pyh29332c3_0.conda#7ec6576e328bc128f4982cd646eeba85
https://conda.anaconda.org/conda-forge/win-64/numpy-2.0.2-py39h60232e0_1.conda#d8801e13476c0ae89e410307fbc5a612
https://conda.anaconda.org/conda-forge/win-64/openjpeg-2.5.4-h24db6dd_0.conda#5af852046226bb3cb15c7f61c2ac020a
https://conda.anaconda.org/conda-forge/noarch/overrides-7.7.0-pyhd8ed1ab_1.conda#e51f1e4089cad105b6cac64bd8166587
https://conda.anaconda.org/conda-forge/noarch/pip-25.2-pyh8b19718_0.conda#dfce4b2af4bfe90cdcaf56ca0b28ddf5
https://conda.anaconda.org/conda-forge/noarch/prompt-toolkit-3.0.51-pyha770c72_0.conda#d17ae9db4dc594267181bd199bf9a551
https://conda.anaconda.org/conda-forge/noarch/pysocks-1.7.1-pyh09c184e_7.conda#e2fd202833c4a981ce8a65974fe4abd1
https://conda.anaconda.org/conda-forge/noarch/python-dateutil-2.9.0.post0-pyhe01879c_2.conda#5b8d21249ff20967101ffa321cab24e8
https://conda.anaconda.org/conda-forge/win-64/pyzmq-27.0.2-py39h248659b_0.conda#68b834823378123ec68cc663ac5d215f
https://conda.anaconda.org/conda-forge/noarch/referencing-0.36.2-pyh29332c3_0.conda#9140f1c09dd5489549c6a33931b943c7
https://conda.anaconda.org/conda-forge/noarch/rfc3339-validator-0.1.4-pyhd8ed1ab_1.conda#36de09a8d3e5d5e6f4ee63af49e59706
https://conda.anaconda.org/conda-forge/noarch/rfc3987-syntax-1.1.0-pyhe01879c_1.conda#7234f99325263a5af6d4cd195035e8f2
https://conda.anaconda.org/conda-forge/noarch/send2trash-1.8.3-pyh5737063_1.conda#e6a4e906051565caf5fdae5b0415b654
https://conda.anaconda.org/conda-forge/noarch/stack_data-0.6.3-pyhd8ed1ab_1.conda#b1b505328da7a6b246787df4b5a49fbc
https://conda.anaconda.org/conda-forge/noarch/sympy-1.14.0-pyh04b8f61_5.conda#d814547f1cbcb6f8397ca5686fee8175
https://conda.anaconda.org/conda-forge/win-64/tbb-2021.13.0-hd094cb3_4.conda#dd78eb7b37991e650fec48b075bf5301
https://conda.anaconda.org/conda-forge/noarch/terminado-0.18.1-pyh5737063_0.conda#4abd500577430a942a995fd0d09b76a2
https://conda.anaconda.org/conda-forge/noarch/tinycss2-1.4.0-pyhd8ed1ab_0.conda#f1acf5fdefa8300de697982bcb1761c9
https://conda.anaconda.org/conda-forge/noarch/tqdm-4.67.1-pyhd8ed1ab_1.conda#9efbfdc37242619130ea42b1cc4ed861
https://conda.anaconda.org/conda-forge/noarch/typing-extensions-4.14.1-h4440ef1_0.conda#75be1a943e0a7f99fcf118309092c635
https://conda.anaconda.org/conda-forge/noarch/anyio-4.10.0-pyhe01879c_0.conda#cc2613bfa71dec0eb2113ee21ac9ccbf
https://conda.anaconda.org/conda-forge/win-64/argon2-cffi-bindings-25.1.0-py39h0802e32_0.conda#d188015942b236575956b212d365a190
https://conda.anaconda.org/conda-forge/noarch/arrow-1.3.0-pyhd8ed1ab_1.conda#46b53236fdd990271b03c3978d4218a9
https://conda.anaconda.org/conda-forge/noarch/beautifulsoup4-4.13.4-pyha770c72_0.conda#9f07c4fc992adb2d6c30da7fab3959a7
https://conda.anaconda.org/conda-forge/noarch/bleach-with-css-6.2.0-h82add2a_4.conda#a30e9406c873940383555af4c873220d
https://conda.anaconda.org/conda-forge/win-64/contourpy-1.3.0-py39h2b77a98_2.conda#37f8619ee96710220ead6bb386b9b24b
https://conda.anaconda.org/conda-forge/win-64/fonttools-4.59.1-py39h5769e4c_0.conda#bf598d0e3b8fa6e29c2e0dbd3cfb1087
https://conda.anaconda.org/conda-forge/noarch/fqdn-1.5.1-pyhd8ed1ab_1.conda#d3549fd50d450b6d9e7dddff25dd2110
https://conda.anaconda.org/conda-forge/win-64/freetype-2.14.1-h57928b3_0.conda#d69c21967f35eb2ce7f1f85d6b6022d3
https://conda.anaconda.org/conda-forge/noarch/importlib-resources-6.5.2-pyhd8ed1ab_0.conda#e376ea42e9ae40f3278b0f79c9bf9826
https://conda.anaconda.org/conda-forge/noarch/ipython-8.18.1-pyh7428d3b_3.conda#656a798e52fbe1ca72f7d97b3c36aeff
https://conda.anaconda.org/conda-forge/noarch/jsonschema-specifications-2025.4.1-pyh29332c3_0.conda#41ff526b1083fde51fbdc93f29282e0e
https://conda.anaconda.org/conda-forge/noarch/jupyter_client-8.6.3-pyhd8ed1ab_1.conda#4ebae00eae9705b0c3d6d1018a81d047
https://conda.anaconda.org/conda-forge/noarch/jupyter_server_terminals-0.5.3-pyhd8ed1ab_1.conda#2d983ff1b82a1ccb6f2e9d8784bdd6bd
https://conda.anaconda.org/conda-forge/noarch/lazy-loader-0.4-pyhd8ed1ab_2.conda#d10d9393680734a8febc4b362a4c94f2
https://conda.anaconda.org/conda-forge/win-64/mkl-2023.1.0-h6a75c08_48682.conda#178c90a4d129d2c25150220a866b422d
https://conda.anaconda.org/conda-forge/win-64/numba-0.60.0-py39h5dcb127_0.conda#229394ef69c23aa156bb8d14fc2259df
https://conda.anaconda.org/conda-forge/win-64/pandas-2.3.1-py39h743b7ac_0.conda#8d0c8306295a016ddac218e6b8560165
https://conda.anaconda.org/conda-forge/noarch/pysoundfile-0.13.1-pyhd8ed1ab_0.conda#41d15bdedf4987e95200d8a980294915
https://conda.anaconda.org/conda-forge/win-64/scipy-1.13.1-py39h1a10956_0.conda#9f8e571406af04d2f5fdcbecec704505
https://conda.anaconda.org/conda-forge/win-64/soxr-python-0.5.0.post1-py39ha51f57c_1.conda#fe38ea9457e3d85b6a505783b248ec7e
https://conda.anaconda.org/conda-forge/win-64/zstandard-0.23.0-py39h0802e32_3.conda#d38ea7d215358fde0a9ddf7955947f26
https://conda.anaconda.org/conda-forge/noarch/argon2-cffi-25.1.0-pyhd8ed1ab_0.conda#8ac12aff0860280ee0cff7fa2cf63f3b
https://conda.anaconda.org/conda-forge/win-64/blas-1.0-mkl.tar.bz2#f621d7bbe874786272e62d72c5a7b4fc
https://conda.anaconda.org/conda-forge/win-64/fontconfig-2.15.0-h765892d_1.conda#9bb0026a2131b09404c59c4290c697cd
https://conda.anaconda.org/conda-forge/noarch/httpcore-1.0.9-pyh29332c3_0.conda#4f14640d58e2cc0aa0819d9d8ba125bb
https://conda.anaconda.org/conda-forge/noarch/ipykernel-6.30.1-pyh3521513_0.conda#953007d45edeb098522ac860aade4fcf
https://conda.anaconda.org/conda-forge/noarch/isoduration-20.11.0-pyhd8ed1ab_1.conda#0b0154421989637d424ccf0f104be51a
https://conda.anaconda.org/conda-forge/noarch/jsonschema-4.25.1-pyhe01879c_0.conda#341fd940c242cf33e832c0402face56f
https://conda.anaconda.org/conda-forge/noarch/lazy_loader-0.4-pyhd8ed1ab_2.conda#bb0230917e2473c77d615104dbe8a49d
https://conda.anaconda.org/conda-forge/win-64/pillow-10.4.0-py39hfa8c767_1.conda#e2ecab76054dece3dc94c80ab1cdca0d
https://conda.anaconda.org/conda-forge/win-64/scikit-learn-1.6.1-py39hdd013cc_0.conda#362b25f30609fbb2a1a299c757c3172d
https://conda.anaconda.org/conda-forge/noarch/urllib3-2.5.0-pyhd8ed1ab_0.conda#436c165519e140cb08d246a4472a9d6a
https://conda.anaconda.org/conda-forge/win-64/cairo-1.18.4-h5782bbf_0.conda#20e32ced54300292aff690a69c5e7b97
https://conda.anaconda.org/conda-forge/noarch/httpx-0.28.1-pyhd8ed1ab_0.conda#d6989ead454181f4f9bc987d3dc4e285
https://conda.anaconda.org/conda-forge/noarch/jsonschema-with-format-nongpl-4.25.1-he01879c_0.conda#13e31c573c884962318a738405ca3487
https://conda.anaconda.org/conda-forge/win-64/matplotlib-base-3.9.4-py39h5376392_0.conda#5424884b703d67e412584ed241f0a9b1
https://conda.anaconda.org/conda-forge/noarch/nbformat-5.10.4-pyhd8ed1ab_1.conda#bbe1963f1e47f594070ffe87cdf612ea
https://conda.anaconda.org/pytorch/win-64/pytorch-2.5.1-py3.9_cpu_0.tar.bz2#b92bf5d538f8e86a0460d10d00a9f1ae
https://conda.anaconda.org/conda-forge/noarch/requests-2.32.5-pyhd8ed1ab_0.conda#db0c6b99149880c8ba515cf4abe93ee4
https://conda.anaconda.org/conda-forge/win-64/harfbuzz-11.0.0-h9e37d49_0.conda#b7648427f5b6797ae3904ad76e4c7f19
https://conda.anaconda.org/conda-forge/noarch/jupyter_events-0.12.0-pyh29332c3_0.conda#f56000b36f09ab7533877e695e4e8cb0
https://conda.anaconda.org/conda-forge/noarch/nbclient-0.10.4-pyhd8ed1ab_0.conda#00f5b8dafa842e0c27c1cd7296aa4875
https://conda.anaconda.org/conda-forge/noarch/pooch-1.8.2-pyhd8ed1ab_3.conda#d2bbbd293097e664ffb01fc4cdaf5729
https://conda.anaconda.org/pytorch/win-64/torchaudio-2.5.1-py39_cpu.tar.bz2#6a44b6da7515bdeee68da8b8487a69d3
https://conda.anaconda.org/pytorch/win-64/torchvision-0.20.1-py39_cpu.tar.bz2#43b8982811c8118a93352aab10e7f4e6
https://conda.anaconda.org/conda-forge/noarch/librosa-0.11.0-pyhd8ed1ab_0.conda#dc9d871c7bc97f21b25a350d0508ecd7
https://conda.anaconda.org/conda-forge/noarch/nbconvert-core-7.16.6-pyh29332c3_0.conda#d24beda1d30748afcc87c429454ece1b
https://conda.anaconda.org/conda-forge/win-64/qt6-main-6.9.0-h83cda92_0.conda#d92e5a0de3263315551d54d5574f5193
https://conda.anaconda.org/conda-forge/noarch/jupyter_server-2.16.0-pyhe01879c_0.conda#f062e04d7cd585c937acbf194dceec36
https://conda.anaconda.org/conda-forge/win-64/pyside6-6.9.0-py39h5cc861e_0.conda#57ab97daa86321a58344146cb289a20b
https://conda.anaconda.org/conda-forge/noarch/jupyter-lsp-2.2.6-pyhe01879c_0.conda#7129ed52335cc7164baf4d6508a3f233
https://conda.anaconda.org/conda-forge/noarch/jupyterlab_server-2.27.3-pyhd8ed1ab_1.conda#9dc4b2b0f41f0de41d27f3293e319357
https://conda.anaconda.org/conda-forge/win-64/matplotlib-3.9.4-py39hcbf5309_0.conda#61326dfe02e88b609166814c47316063
https://conda.anaconda.org/conda-forge/noarch/notebook-shim-0.2.4-pyhd8ed1ab_1.conda#e7f89ea5f7ea9401642758ff50a2d9c1
https://conda.anaconda.org/conda-forge/noarch/jupyterlab-4.4.6-pyhd8ed1ab_0.conda#70cb2903114eafc6ed5d70ca91ba6545
# pip annotated-types @ https://files.pythonhosted.org/packages/78/b6/6307fbef88d9b5ee7421e68d78a9f162e0da4900bc5f5793f6d3d0e34fb8/annotated_types-0.7.0-py3-none-any.whl#sha256=1f02e8b43a8fbbc3f3e0d4f0f4bfc8131bcb4eebe8849b8e5c773f3a1c582a53
# pip appdirs @ https://files.pythonhosted.org/packages/3b/00/2344469e2084fb287c2e0b57b72910309874c3245463acd6cf5e3db69324/appdirs-1.4.4-py2.py3-none-any.whl#sha256=a841dacd6b99318a741b166adb07e19ee71a274450e68237b4650ca1055ab128
# pip backports-tarfile @ https://files.pythonhosted.org/packages/b9/fa/123043af240e49752f1c4bd24da5053b6bd00cad78c2be53c0d1e8b975bc/backports.tarfile-1.2.0-py3-none-any.whl#sha256=77e284d754527b01fb1e6fa8a1afe577858ebe4e9dad8919e34c862cb399bc34
# pip boltons @ https://files.pythonhosted.org/packages/45/7f/0e961cf3908bc4c1c3e027de2794f867c6c89fb4916fc7dba295a0e80a2d/boltons-25.0.0-py3-none-any.whl#sha256=dc9fb38bf28985715497d1b54d00b62ea866eca3938938ea9043e254a3a6ca62
# pip crashtest @ https://files.pythonhosted.org/packages/b0/5c/3ba7d12e7a79566f97b8f954400926d7b6eb33bcdccc1315a857f200f1f1/crashtest-0.4.1-py3-none-any.whl#sha256=8d23eac5fa660409f57472e3851dab7ac18aba459a8d19cbbba86d3d5aecd2a5
# pip distlib @ https://files.pythonhosted.org/packages/33/6b/e0547afaf41bf2c42e52430072fa5658766e3d65bd4b03a563d1b6336f57/distlib-0.4.0-py2.py3-none-any.whl#sha256=9659f7d87e46584a30b5780e43ac7a2143098441670ff0a49d5f9034c54a6c16
# pip installer @ https://files.pythonhosted.org/packages/e5/ca/1172b6638d52f2d6caa2dd262ec4c811ba59eee96d54a7701930726bce18/installer-0.7.0-py3-none-any.whl#sha256=05d1933f0a5ba7d8d6296bb6d5018e7c94fa473ceb10cf198a92ccea19c27b53
# pip more-itertools @ https://files.pythonhosted.org/packages/2b/9f/7ba6f94fc1e9ac3d2b853fdff3035fb2fa5afbed898c4a72b8a020610594/more_itertools-10.7.0-py3-none-any.whl#sha256=d43980384673cb07d2f7d2d918c616b30c659c089ee23953f601d6609c67510e
# pip pkginfo @ https://files.pythonhosted.org/packages/fa/3d/f4f2ba829efb54b6cd2d91349c7463316a9cc55a43fc980447416c88540f/pkginfo-1.12.1.2-py3-none-any.whl#sha256=c783ac885519cab2c34927ccfa6bf64b5a704d7c69afaea583dd9b7afe969343
# pip pyproject-hooks @ https://files.pythonhosted.org/packages/bd/24/12818598c362d7f300f18e74db45963dbcb85150324092410c8b49405e42/pyproject_hooks-1.2.0-py3-none-any.whl#sha256=9e5c6bfa8dcc30091c74b0cf803c81fdd29d94f01992a7707bc97babb1141913
# pip python-multipart @ https://files.pythonhosted.org/packages/45/58/38b5afbc1a800eeea951b9285d3912613f2603bdf897a4ab0f4bd7f405fc/python_multipart-0.0.20-py3-none-any.whl#sha256=8a62d3a8335e06589fe01f2a3e178cdcc632f3fbe0d492ad9ee0ec35aab1f104
# pip pywin32-ctypes @ https://files.pythonhosted.org/packages/de/3d/8161f7711c017e01ac9f008dfddd9410dff3674334c233bde66e7ba65bbf/pywin32_ctypes-0.2.3-py3-none-any.whl#sha256=8a1513379d709975552d202d942d9837758905c8d01eb82b8bcc30918929e7b8
# pip ruamel-yaml-clib @ https://files.pythonhosted.org/packages/93/07/de635108684b7a5bb06e432b0930c5a04b6c59efe73bd966d8db3cc208f2/ruamel.yaml.clib-0.2.12-cp39-cp39-win_amd64.whl#sha256=040ae85536960525ea62868b642bdb0c2cc6021c9f9d507810c0c604e66f5a7b
# pip semver @ https://files.pythonhosted.org/packages/a6/24/4d91e05817e92e3a61c8a21e08fd0f390f5301f1c448b137c57c4bc6e543/semver-3.0.4-py3-none-any.whl#sha256=9c824d87ba7f7ab4a1890799cec8596f15c1241cb473404ea1cb0c55e4b04746
# pip shellingham @ https://files.pythonhosted.org/packages/e0/f9/0595336914c5619e5f28a1fb793285925a8cd4b432c9da0a987836c7f822/shellingham-1.5.4-py2.py3-none-any.whl#sha256=7ecfff8f2fd72616f7481040475a65b2bf8af90a56c89140852d1120324e8686
# pip smmap @ https://files.pythonhosted.org/packages/04/be/d09147ad1ec7934636ad912901c5fd7667e1c858e19d355237db0d0cd5e4/smmap-5.0.2-py3-none-any.whl#sha256=b30115f0def7d7531d22a0fb6502488d879e75b260a9db4d0819cfb25403af5e
# pip tomlkit @ https://files.pythonhosted.org/packages/bd/75/8539d011f6be8e29f339c42e633aae3cb73bffa95dd0f9adec09b9c58e85/tomlkit-0.13.3-py3-none-any.whl#sha256=c89c649d79ee40629a9fda55f8ace8c6a1b42deb912b2a8fd8d942ddadb606b0
# pip trove-classifiers @ https://files.pythonhosted.org/packages/d5/44/323a87d78f04d5329092aada803af3612dd004a64b69ba8b13046601a8c9/trove_classifiers-2025.8.6.13-py3-none-any.whl#sha256=c4e7fc83012770d80b3ae95816111c32b085716374dccee0d3fbf5c235495f9f
# pip build @ https://files.pythonhosted.org/packages/cb/8c/2b30c12155ad8de0cf641d76a8b396a16d2c36bc6d50b621a62b7c4567c1/build-1.3.0-py3-none-any.whl#sha256=7145f0b5061ba90a1500d60bd1b13ca0a8a4cebdd0cc16ed8adf1c0e739f43b4
# pip cachecontrol @ https://files.pythonhosted.org/packages/81/4c/800b0607b00b3fd20f1087f80ab53d6b4d005515b0f773e4831e37cfa83f/cachecontrol-0.14.3-py3-none-any.whl#sha256=b35e44a3113f17d2a31c1e6b27b9de6d4405f84ae51baa8c1d3cc5b633010cae
# pip click @ https://files.pythonhosted.org/packages/7e/d4/7ebdbd03970677812aac39c869717059dbb71a4cfc033ca6e5221787892c/click-8.1.8-py3-none-any.whl#sha256=63c132bbbed01578a06712a2d1f497bb62d9c1c0d329b7903a866228027263b2
# pip dulwich @ https://files.pythonhosted.org/packages/ef/9b/e7f3d9a5b7ceed1c1051237abd48b5fa1c1a3ab716a4f9c56a1a2f5e839a/dulwich-0.22.8-cp39-cp39-win_amd64.whl#sha256=3b6757c6b3ba98212b854a766a4157b9cb79a06f4e1b06b46dec4bd834945b8e
# pip gitdb @ https://files.pythonhosted.org/packages/a0/61/5c78b91c3143ed5c14207f463aecfc8f9dbb5092fb2869baf37c273b2705/gitdb-4.0.12-py3-none-any.whl#sha256=67073e15955400952c6565cc3e707c554a4eea2e428946f7a4c162fab9bd9bcf
# pip jaraco-classes @ https://files.pythonhosted.org/packages/7f/66/b15ce62552d84bbfcec9a4873ab79d993a1dd4edb922cbfccae192bd5b5f/jaraco.classes-3.4.0-py3-none-any.whl#sha256=f662826b6bed8cace05e7ff873ce0f9283b5c924470fe664fff1c2f00f581790
# pip jaraco-context @ https://files.pythonhosted.org/packages/ff/db/0c52c4cf5e4bd9f5d7135ec7669a3a767af21b3a308e1ed3674881e52b62/jaraco.context-6.0.1-py3-none-any.whl#sha256=f797fc481b490edb305122c9181830a3a5b76d84ef6d1aef2fb9b47ab956f9e4
# pip jaraco-functools @ https://files.pythonhosted.org/packages/b4/09/726f168acad366b11e420df31bf1c702a54d373a83f968d94141a8c3fde0/jaraco_functools-4.3.0-py3-none-any.whl#sha256=227ff8ed6f7b8f62c56deff101545fa7543cf2c8e7b82a7c2116e672f29c26e8
# pip mangum @ https://files.pythonhosted.org/packages/1d/67/9398a64b5a97a9125fac1b168917cfa7f9d81eddc23bf50dacd4ff999aed/mangum-0.20.0-py3-none-any.whl#sha256=c945eadc41916f73b6086c0c69935ef4b1d23d27de8dc74ed47b20e204335407
# pip pydantic-core @ https://files.pythonhosted.org/packages/5b/90/7edc3b2a0d9f0dda8806c04e511a67b0b7a41d2187e2003673a996fb4310/pydantic_core-2.33.2-cp39-cp39-win_amd64.whl#sha256=f481959862f57f29601ccced557cc2e817bce7533ab8e01a797a48b49c9692b3
# pip requests-toolbelt @ https://files.pythonhosted.org/packages/3f/51/d4db610ef29373b879047326cbf6fa98b6c1969d6f6dc423279de2b1be2c/requests_toolbelt-1.0.0-py2.py3-none-any.whl#sha256=cccfdd665f0a24fcf4726e690f65639d272bb0637b9b92dfd91a5568ccf6bd06
# pip ruamel-yaml @ https://files.pythonhosted.org/packages/af/6d/6fe4805235e193aad4aaf979160dd1f3c487c57d48b810c816e6e842171b/ruamel.yaml-0.18.14-py3-none-any.whl#sha256=710ff198bb53da66718c7db27eec4fbcc9aa6ca7204e4c1df2f282b6fe5eb6b2
# pip starlette @ https://files.pythonhosted.org/packages/f7/1f/b876b1f83aef204198a42dc101613fefccb32258e5428b5f9259677864b4/starlette-0.47.2-py3-none-any.whl#sha256=c5847e96134e5c5371ee9fac6fdf1a67336d5815e09eb2a01fdb57a351ef915b
# pip typing-inspection @ https://files.pythonhosted.org/packages/17/69/cd203477f944c353c31bade965f880aa1061fd6bf05ded0726ca845b6ff7/typing_inspection-0.4.1-py3-none-any.whl#sha256=389055682238f53b04f7badcb49b989835495a96700ced5dab2d8feae4b26f51
# pip virtualenv @ https://files.pythonhosted.org/packages/76/06/04c8e804f813cf972e3262f3f8584c232de64f0cde9f703b46cf53a45090/virtualenv-20.34.0-py3-none-any.whl#sha256=341f5afa7eee943e4984a9207c025feedd768baff6753cd660c857ceb3e36026
# pip click-default-group @ https://files.pythonhosted.org/packages/2c/1a/aff8bb287a4b1400f69e09a53bd65de96aa5cee5691925b38731c67fc695/click_default_group-1.2.4-py2.py3-none-any.whl#sha256=9b60486923720e7fc61731bdb32b617039aba820e22e1c88766b1125592eaa5f
# pip ensureconda @ https://files.pythonhosted.org/packages/2f/a3/811b5d446aafe9bac19475f3c9b96242b3ca7ef3e0b238b2875ac2bbe9f6/ensureconda-1.4.7-py3-none-any.whl#sha256=9b19eafc6561592fd02abb2e664f2ccdb53fa6d3f712e903d0d0da14276a69c6
# pip gitpython @ https://files.pythonhosted.org/packages/01/61/d4b89fec821f72385526e1b9d9a3a0385dda4a72b206d28049e2c7cd39b8/gitpython-3.1.45-py3-none-any.whl#sha256=8908cb2e02fb3b93b7eb0f2827125cb699869470432cc885f019b8fd0fccff77
# pip keyring @ https://files.pythonhosted.org/packages/d3/32/da7f44bcb1105d3e88a0b74ebdca50c59121d2ddf71c9e34ba47df7f3a56/keyring-25.6.0-py3-none-any.whl#sha256=552a3f7af126ece7ed5c89753650eec89c7eaae8617d0aa4d9ad2b75111266bd
# pip pydantic @ https://files.pythonhosted.org/packages/6a/c0/ec2b1c8712ca690e5d61979dee872603e92b8a32f94cc1b72d53beab008a/pydantic-2.11.7-py3-none-any.whl#sha256=dde5df002701f6de26248661f6835bbe296a47bf73990135c7d07ce741b9623b
# pip uvicorn @ https://files.pythonhosted.org/packages/d2/e2/dc81b1bd1dcfe91735810265e9d26bc8ec5da45b4c0f6237e286819194c3/uvicorn-0.35.0-py3-none-any.whl#sha256=197535216b25ff9b785e29a0b79199f55222193d47f820816e7da751e9bc8d4a
# pip conda-lock @ https://files.pythonhosted.org/packages/cc/3e/8228047497767397d5e9ef195fb2739b6ed755d042ad3c0edb28f4f6d578/conda_lock-3.0.4-py3-none-any.whl#sha256=12b64e4b23f73283a81c58d846df58633076cf31301e5715fb845522eb47233d
# pip fastapi @ https://files.pythonhosted.org/packages/e5/47/d63c60f59a59467fda0f93f46335c9d18526d7071f025cb5b89d5353ea42/fastapi-0.116.1-py3-none-any.whl#sha256=c46ac7c312df840f0c9e220f7964bada936781bc4e2e6eb71f1c4d7553786565
